
Microsoft Visual Studio Solution File, Format Version 12.00
Project("{FAE04EC0-301F-11D3-BF4B-00C04F79EFBC}") = "Pizza", "Pizza\Pizza.csproj", "{2E926B22-DDD8-4FCA-9282-59DE8C73D799}"
EndProject
Global
	GlobalSection(SolutionConfigurationPlatforms) = preSolution
		Debug|Any CPU = Debug|Any CPU
		Release|Any CPU = Release|Any CPU
	EndGlobalSection
	GlobalSection(ProjectConfigurationPlatforms) = postSolution
		{2E926B22-DDD8-4FCA-9282-59DE8C73D799}.Debug|Any CPU.ActiveCfg = Debug|Any CPU
		{2E926B22-DDD8-4FCA-9282-59DE8C73D799}.Debug|Any CPU.Build.0 = Debug|Any CPU
		{2E926B22-DDD8-4FCA-9282-59DE8C73D799}.Release|Any CPU.ActiveCfg = Release|Any CPU
		{2E926B22-DDD8-4FCA-9282-59DE8C73D799}.Release|Any CPU.Build.0 = Release|Any CPU
	EndGlobalSection
EndGlobal
